
Microsoft Visual Studio Solution File, Format Version 12.00
# Visual Studio Version 16
VisualStudioVersion = 16.0.29503.13
MinimumVisualStudioVersion = 10.0.40219.1
Project("{FAE04EC0-301F-11D3-BF4B-00C04F79EFBC}") = "MonteCarlo", "MonteCarlo\MonteCarlo.csproj", "{8C982E64-426D-46CF-8466-9DCA20504730}"
EndProject
Global
	GlobalSection(SolutionConfigurationPlatforms) = preSolution
		Debug|Any CPU = Debug|Any CPU
		Release|Any CPU = Release|Any CPU
	EndGlobalSection
	GlobalSection(ProjectConfigurationPlatforms) = postSolution
		{8C982E64-426D-46CF-8466-9DCA20504730}.Debug|Any CPU.ActiveCfg = Debug|Any CPU
		{8C982E64-426D-46CF-8466-9DCA20504730}.Debug|Any CPU.Build.0 = Debug|Any CPU
		{8C982E64-426D-46CF-8466-9DCA20504730}.Release|Any CPU.ActiveCfg = Release|Any CPU
		{8C982E64-426D-46CF-8466-9DCA20504730}.Release|Any CPU.Build.0 = Release|Any CPU
	EndGlobalSection
	GlobalSection(SolutionProperties) = preSolution
		HideSolutionNode = FALSE
	EndGlobalSection
	GlobalSection(ExtensibilityGlobals) = postSolution
		SolutionGuid = {BCD24BE9-DF43-4202-BC2C-6168D06F38D2}
	EndGlobalSection
EndGlobal
